
Microsoft Visual Studio Solution File, Format Version 12.00
# Visual Studio Version 16
VisualStudioVersion = 16.0.29215.179
MinimumVisualStudioVersion = 10.0.40219.1
Project("{8BC9CEB8-8B4A-11D0-8D11-00A0C91BC942}") = "server_app", "server_app\server_app.vcxproj", "{C8864E04-BA91-489F-BB27-FAE381426D61}"
EndProject
Project("{8BC9CEB8-8B4A-11D0-8D11-00A0C91BC942}") = "client_app", "..\client_app\client_app.vcxproj", "{4566596D-5627-4FCC-83EC-63B3ACD2B1DF}"
EndProject
Global
	GlobalSection(SolutionConfigurationPlatforms) = preSolution
		Debug|x64 = Debug|x64
		Debug|x86 = Debug|x86
		Release|x64 = Release|x64
		Release|x86 = Release|x86
	EndGlobalSection
	GlobalSection(ProjectConfigurationPlatforms) = postSolution
		{C8864E04-BA91-489F-BB27-FAE381426D61}.Debug|x64.ActiveCfg = Debug|x64
		{C8864E04-BA91-489F-BB27-FAE381426D61}.Debug|x64.Build.0 = Debug|x64
		{C8864E04-BA91-489F-BB27-FAE381426D61}.Debug|x86.ActiveCfg = Debug|Win32
		{C8864E04-BA91-489F-BB27-FAE381426D61}.Debug|x86.Build.0 = Debug|Win32
		{C8864E04-BA91-489F-BB27-FAE381426D61}.Release|x64.ActiveCfg = Release|x64
		{C8864E04-BA91-489F-BB27-FAE381426D61}.Release|x64.Build.0 = Release|x64
		{C8864E04-BA91-489F-BB27-FAE381426D61}.Release|x86.ActiveCfg = Release|Win32
		{C8864E04-BA91-489F-BB27-FAE381426D61}.Release|x86.Build.0 = Release|Win32
		{4566596D-5627-4FCC-83EC-63B3ACD2B1DF}.Debug|x64.ActiveCfg = Debug|x64
		{4566596D-5627-4FCC-83EC-63B3ACD2B1DF}.Debug|x64.Build.0 = Debug|x64
		{4566596D-5627-4FCC-83EC-63B3ACD2B1DF}.Debug|x86.ActiveCfg = Debug|Win32
		{4566596D-5627-4FCC-83EC-63B3ACD2B1DF}.Debug|x86.Build.0 = Debug|Win32
		{4566596D-5627-4FCC-83EC-63B3ACD2B1DF}.Release|x64.ActiveCfg = Release|x64
		{4566596D-5627-4FCC-83EC-63B3ACD2B1DF}.Release|x64.Build.0 = Release|x64
		{4566596D-5627-4FCC-83EC-63B3ACD2B1DF}.Release|x86.ActiveCfg = Release|Win32
		{4566596D-5627-4FCC-83EC-63B3ACD2B1DF}.Release|x86.Build.0 = Release|Win32
	EndGlobalSection
	GlobalSection(SolutionProperties) = preSolution
		HideSolutionNode = FALSE
	EndGlobalSection
	GlobalSection(ExtensibilityGlobals) = postSolution
		SolutionGuid = {E050A24A-7786-4170-80EE-AF92C63703B7}
	EndGlobalSection
EndGlobal
